schema: '2.0'
stages:
  prepare:
    cmd: python src/prepare.py
    deps:
    - path: src/prepare.py
      hash: md5
      md5: 8706abef6e6e3737f3228e595348be5b
      size: 396
    outs:
    - path: data/raw
      hash: md5
      md5: 5383716b35c38462a519ea40ff4752c3.dir
      size: 54950512
      nfiles: 4
  preprocess:
    cmd: python src/preprocess.py
    deps:
    - path: data/raw
      hash: md5
      md5: 5383716b35c38462a519ea40ff4752c3.dir
      size: 54950512
      nfiles: 4
    - path: src/preprocess.py
      hash: md5
      md5: 1885283c5bb2ce682c127f0f71d06630
      size: 979
    params:
      params.yaml:
        preprocess.seed: 101
        preprocess.test_size: 0.2
    outs:
    - path: data/processed
      hash: md5
      md5: 9e6737ab5a4da7f0130bb7190d820d12.dir
      size: 219590768
      nfiles: 6
  train:
    cmd: python src/train.py
    deps:
    - path: data/processed
      hash: md5
      md5: 9e6737ab5a4da7f0130bb7190d820d12.dir
      size: 219590768
      nfiles: 6
    - path: src/train.py
      hash: md5
      md5: a41e215c2259a1eb5adb55caff9e6531
      size: 1650
    params:
      params.yaml:
        train.batch_size: 32
        train.dropout_rate: 0.2
        train.epochs: 10
        train.learning_rate: 0.001
    outs:
    - path: models
      hash: md5
      md5: 029d799f43c47fb6afee0caf66ee369f.dir
      size: 1246081
      nfiles: 2
  evaluate:
    cmd: python src/evaluate.py
    deps:
    - path: data/processed
      hash: md5
      md5: 9e6737ab5a4da7f0130bb7190d820d12.dir
      size: 219590768
      nfiles: 6
    - path: models
      hash: md5
      md5: 029d799f43c47fb6afee0caf66ee369f.dir
      size: 1246081
      nfiles: 2
    - path: src/evaluate.py
      hash: md5
      md5: 23e2078b90d5ce779728d83d837068c2
      size: 1839
    outs:
    - path: metrics.json
      hash: md5
      md5: 516710dd2e9906379a1a66f51d802154
      size: 83
    - path: metrics/confusion_matrix.png
      hash: md5
      md5: 1c6370f3a4574ecb65da8b04a82d85c0
      size: 50968
